
Microsoft Visual Studio Solution File, Format Version 12.00
# Visual Studio 2013
VisualStudioVersion = 12.0.40629.0
MinimumVisualStudioVersion = 10.0.40219.1
Project("{8BC9CEB8-8B4A-11D0-8D11-00A0C91BC942}") = "test_app", "test_app\test_app.vcxproj", "{E6079E71-98D4-444A-80F6-AC6E668FE8B6}"
EndProject
Project("{8BC9CEB8-8B4A-11D0-8D11-00A0C91BC942}") = "proxy_d3d11", "proxy_d3d11\proxy_d3d11.vcxproj", "{762F73AF-86F2-4C0D-A8F9-BF5CD5039244}"
EndProject
Project("{8BC9CEB8-8B4A-11D0-8D11-00A0C91BC942}") = "_include", "_include\_include.vcxproj", "{34320BB9-1447-45B6-BEA0-BC7F21FBDA8E}"
EndProject
Project("{8BC9CEB8-8B4A-11D0-8D11-00A0C91BC942}") = "d3d_wrappers", "d3d_wrappers\d3d_wrappers.vcxproj", "{03DF27C7-88D5-4F43-A162-1540AC2843C1}"
EndProject
Project("{8BC9CEB8-8B4A-11D0-8D11-00A0C91BC942}") = "dxgi", "dxgi\dxgi.vcxproj", "{F44F07D4-29C6-4189-B4E3-419234148273}"
EndProject
Global
	GlobalSection(SolutionConfigurationPlatforms) = preSolution
		Debug|Win32 = Debug|Win32
		Release|Win32 = Release|Win32
	EndGlobalSection
	GlobalSection(ProjectConfigurationPlatforms) = postSolution
		{E6079E71-98D4-444A-80F6-AC6E668FE8B6}.Debug|Win32.ActiveCfg = Debug|Win32
		{E6079E71-98D4-444A-80F6-AC6E668FE8B6}.Debug|Win32.Build.0 = Debug|Win32
		{E6079E71-98D4-444A-80F6-AC6E668FE8B6}.Release|Win32.ActiveCfg = Release|Win32
		{E6079E71-98D4-444A-80F6-AC6E668FE8B6}.Release|Win32.Build.0 = Release|Win32
		{762F73AF-86F2-4C0D-A8F9-BF5CD5039244}.Debug|Win32.ActiveCfg = Debug|Win32
		{762F73AF-86F2-4C0D-A8F9-BF5CD5039244}.Debug|Win32.Build.0 = Debug|Win32
		{762F73AF-86F2-4C0D-A8F9-BF5CD5039244}.Release|Win32.ActiveCfg = Release|Win32
		{762F73AF-86F2-4C0D-A8F9-BF5CD5039244}.Release|Win32.Build.0 = Release|Win32
		{34320BB9-1447-45B6-BEA0-BC7F21FBDA8E}.Debug|Win32.ActiveCfg = Debug|Win32
		{34320BB9-1447-45B6-BEA0-BC7F21FBDA8E}.Debug|Win32.Build.0 = Debug|Win32
		{34320BB9-1447-45B6-BEA0-BC7F21FBDA8E}.Release|Win32.ActiveCfg = Release|Win32
		{34320BB9-1447-45B6-BEA0-BC7F21FBDA8E}.Release|Win32.Build.0 = Release|Win32
		{03DF27C7-88D5-4F43-A162-1540AC2843C1}.Debug|Win32.ActiveCfg = Debug|Win32
		{03DF27C7-88D5-4F43-A162-1540AC2843C1}.Debug|Win32.Build.0 = Debug|Win32
		{03DF27C7-88D5-4F43-A162-1540AC2843C1}.Release|Win32.ActiveCfg = Release|Win32
		{03DF27C7-88D5-4F43-A162-1540AC2843C1}.Release|Win32.Build.0 = Release|Win32
		{F44F07D4-29C6-4189-B4E3-419234148273}.Debug|Win32.ActiveCfg = Debug|Win32
		{F44F07D4-29C6-4189-B4E3-419234148273}.Debug|Win32.Build.0 = Debug|Win32
		{F44F07D4-29C6-4189-B4E3-419234148273}.Release|Win32.ActiveCfg = Release|Win32
		{F44F07D4-29C6-4189-B4E3-419234148273}.Release|Win32.Build.0 = Release|Win32
	EndGlobalSection
	GlobalSection(SolutionProperties) = preSolution
		HideSolutionNode = FALSE
	EndGlobalSection
EndGlobal
