<?xml version="1.0" encoding="utf-8"?>
<Project ToolsVersion="4.0" xmlns="http://schemas.microsoft.com/developer/msbuild/2003">
  <ItemGroup>
    <Filter Include="Source Files">
      <UniqueIdentifier>{4FC737F1-C7A5-4376-A066-2A32D752A2FF}</UniqueIdentifier>
      <Extensions>cpp;c;cc;cxx;def;odl;idl;hpj;bat;asm;asmx</Extensions>
    </Filter>
    <Filter Include="Header Files">
      <UniqueIdentifier>{93995380-89BD-4b04-88EB-625FBE52EBFB}</UniqueIdentifier>
      <Extensions>h;hh;hpp;hxx;hm;inl;inc;xsd</Extensions>
    </Filter>
    <Filter Include="Resource Files">
      <UniqueIdentifier>{67DA6AB6-F800-4c08-8B7A-83BB121AAD01}</UniqueIdentifier>
      <Extensions>rc;ico;cur;bmp;dlg;rc2;rct;bin;rgs;gif;jpg;jpeg;jpe;resx;tiff;tif;png;wav;mfcribbon-ms</Extensions>
    </Filter>
  </ItemGroup>
  <ItemGroup>
    <ClCompile Include="stdafx.cpp">
      <Filter>Source Files</Filter>
    </ClCompile>
    <ClCompile Include="impl\base_ID3D11Asynchronous.cpp">
      <Filter>Source Files</Filter>
    </ClCompile>
    <ClCompile Include="impl\base_ID3D11AuthenticatedChannel.cpp">
      <Filter>Source Files</Filter>
    </ClCompile>
    <ClCompile Include="impl\base_ID3D11BlendState.cpp">
      <Filter>Source Files</Filter>
    </ClCompile>
    <ClCompile Include="impl\base_ID3D11Buffer.cpp">
      <Filter>Source Files</Filter>
    </ClCompile>
    <ClCompile Include="impl\base_ID3D11ClassInstance.cpp">
      <Filter>Source Files</Filter>
    </ClCompile>
    <ClCompile Include="impl\base_ID3D11ClassLinkage.cpp">
      <Filter>Source Files</Filter>
    </ClCompile>
    <ClCompile Include="impl\base_ID3D11CommandList.cpp">
      <Filter>Source Files</Filter>
    </ClCompile>
    <ClCompile Include="impl\base_ID3D11ComputeShader.cpp">
      <Filter>Source Files</Filter>
    </ClCompile>
    <ClCompile Include="impl\base_ID3D11Counter.cpp">
      <Filter>Source Files</Filter>
    </ClCompile>
    <ClCompile Include="impl\base_ID3D11CryptoSession.cpp">
      <Filter>Source Files</Filter>
    </ClCompile>
    <ClCompile Include="impl\base_ID3D11DepthStencilState.cpp">
      <Filter>Source Files</Filter>
    </ClCompile>
    <ClCompile Include="impl\base_ID3D11DepthStencilView.cpp">
      <Filter>Source Files</Filter>
    </ClCompile>
    <ClCompile Include="impl\base_ID3D11Device.cpp">
      <Filter>Source Files</Filter>
    </ClCompile>
    <ClCompile Include="impl\base_ID3D11DeviceChild.cpp">
      <Filter>Source Files</Filter>
    </ClCompile>
    <ClCompile Include="impl\base_ID3D11DeviceContext.cpp">
      <Filter>Source Files</Filter>
    </ClCompile>
    <ClCompile Include="impl\base_ID3D11DomainShader.cpp">
      <Filter>Source Files</Filter>
    </ClCompile>
    <ClCompile Include="impl\base_ID3D11GeometryShader.cpp">
      <Filter>Source Files</Filter>
    </ClCompile>
    <ClCompile Include="impl\base_ID3D11HullShader.cpp">
      <Filter>Source Files</Filter>
    </ClCompile>
    <ClCompile Include="impl\base_ID3D11InputLayout.cpp">
      <Filter>Source Files</Filter>
    </ClCompile>
    <ClCompile Include="impl\base_ID3D11PixelShader.cpp">
      <Filter>Source Files</Filter>
    </ClCompile>
    <ClCompile Include="impl\base_ID3D11Predicate.cpp">
      <Filter>Source Files</Filter>
    </ClCompile>
    <ClCompile Include="impl\base_ID3D11Query.cpp">
      <Filter>Source Files</Filter>
    </ClCompile>
    <ClCompile Include="impl\base_ID3D11RasterizerState.cpp">
      <Filter>Source Files</Filter>
    </ClCompile>
    <ClCompile Include="impl\base_ID3D11RenderTargetView.cpp">
      <Filter>Source Files</Filter>
    </ClCompile>
    <ClCompile Include="impl\base_ID3D11Resource.cpp">
      <Filter>Source Files</Filter>
    </ClCompile>
    <ClCompile Include="impl\base_ID3D11SamplerState.cpp">
      <Filter>Source Files</Filter>
    </ClCompile>
    <ClCompile Include="impl\base_ID3D11ShaderResourceView.cpp">
      <Filter>Source Files</Filter>
    </ClCompile>
    <ClCompile Include="impl\base_ID3D11Texture1D.cpp">
      <Filter>Source Files</Filter>
    </ClCompile>
    <ClCompile Include="impl\base_ID3D11Texture2D.cpp">
      <Filter>Source Files</Filter>
    </ClCompile>
    <ClCompile Include="impl\base_ID3D11Texture3D.cpp">
      <Filter>Source Files</Filter>
    </ClCompile>
    <ClCompile Include="impl\base_ID3D11UnorderedAccessView.cpp">
      <Filter>Source Files</Filter>
    </ClCompile>
    <ClCompile Include="impl\base_ID3D11VertexShader.cpp">
      <Filter>Source Files</Filter>
    </ClCompile>
    <ClCompile Include="impl\base_ID3D11VideoContext.cpp">
      <Filter>Source Files</Filter>
    </ClCompile>
    <ClCompile Include="impl\base_ID3D11VideoDecoder.cpp">
      <Filter>Source Files</Filter>
    </ClCompile>
    <ClCompile Include="impl\base_ID3D11VideoDecoderOutputView.cpp">
      <Filter>Source Files</Filter>
    </ClCompile>
    <ClCompile Include="impl\base_ID3D11VideoDevice.cpp">
      <Filter>Source Files</Filter>
    </ClCompile>
    <ClCompile Include="impl\base_ID3D11VideoProcessor.cpp">
      <Filter>Source Files</Filter>
    </ClCompile>
    <ClCompile Include="impl\base_ID3D11VideoProcessorEnumerator.cpp">
      <Filter>Source Files</Filter>
    </ClCompile>
    <ClCompile Include="impl\base_ID3D11VideoProcessorInputView.cpp">
      <Filter>Source Files</Filter>
    </ClCompile>
    <ClCompile Include="impl\base_ID3D11VideoProcessorOutputView.cpp">
      <Filter>Source Files</Filter>
    </ClCompile>
    <ClCompile Include="impl\base_ID3D11View.cpp">
      <Filter>Source Files</Filter>
    </ClCompile>
    <ClCompile Include="impl\base_IUnknown.cpp">
      <Filter>Source Files</Filter>
    </ClCompile>
    <ClCompile Include="impl\impl_ID3D11Asynchronous.cpp">
      <Filter>Source Files</Filter>
    </ClCompile>
    <ClCompile Include="impl\impl_ID3D11AuthenticatedChannel.cpp">
      <Filter>Source Files</Filter>
    </ClCompile>
    <ClCompile Include="impl\impl_ID3D11BlendState.cpp">
      <Filter>Source Files</Filter>
    </ClCompile>
    <ClCompile Include="impl\impl_ID3D11Buffer.cpp">
      <Filter>Source Files</Filter>
    </ClCompile>
    <ClCompile Include="impl\impl_ID3D11ClassInstance.cpp">
      <Filter>Source Files</Filter>
    </ClCompile>
    <ClCompile Include="impl\impl_ID3D11ClassLinkage.cpp">
      <Filter>Source Files</Filter>
    </ClCompile>
    <ClCompile Include="impl\impl_ID3D11CommandList.cpp">
      <Filter>Source Files</Filter>
    </ClCompile>
    <ClCompile Include="impl\impl_ID3D11ComputeShader.cpp">
      <Filter>Source Files</Filter>
    </ClCompile>
    <ClCompile Include="impl\impl_ID3D11Counter.cpp">
      <Filter>Source Files</Filter>
    </ClCompile>
    <ClCompile Include="impl\impl_ID3D11CryptoSession.cpp">
      <Filter>Source Files</Filter>
    </ClCompile>
    <ClCompile Include="impl\impl_ID3D11DepthStencilState.cpp">
      <Filter>Source Files</Filter>
    </ClCompile>
    <ClCompile Include="impl\impl_ID3D11DepthStencilView.cpp">
      <Filter>Source Files</Filter>
    </ClCompile>
    <ClCompile Include="impl\impl_ID3D11Device.cpp">
      <Filter>Source Files</Filter>
    </ClCompile>
    <ClCompile Include="impl\impl_ID3D11DeviceChild.cpp">
      <Filter>Source Files</Filter>
    </ClCompile>
    <ClCompile Include="impl\impl_ID3D11DeviceContext.cpp">
      <Filter>Source Files</Filter>
    </ClCompile>
    <ClCompile Include="impl\impl_ID3D11DomainShader.cpp">
      <Filter>Source Files</Filter>
    </ClCompile>
    <ClCompile Include="impl\impl_ID3D11GeometryShader.cpp">
      <Filter>Source Files</Filter>
    </ClCompile>
    <ClCompile Include="impl\impl_ID3D11HullShader.cpp">
      <Filter>Source Files</Filter>
    </ClCompile>
    <ClCompile Include="impl\impl_ID3D11InputLayout.cpp">
      <Filter>Source Files</Filter>
    </ClCompile>
    <ClCompile Include="impl\impl_ID3D11PixelShader.cpp">
      <Filter>Source Files</Filter>
    </ClCompile>
    <ClCompile Include="impl\impl_ID3D11Predicate.cpp">
      <Filter>Source Files</Filter>
    </ClCompile>
    <ClCompile Include="impl\impl_ID3D11Query.cpp">
      <Filter>Source Files</Filter>
    </ClCompile>
    <ClCompile Include="impl\impl_ID3D11RasterizerState.cpp">
      <Filter>Source Files</Filter>
    </ClCompile>
    <ClCompile Include="impl\impl_ID3D11RenderTargetView.cpp">
      <Filter>Source Files</Filter>
    </ClCompile>
    <ClCompile Include="impl\impl_ID3D11Resource.cpp">
      <Filter>Source Files</Filter>
    </ClCompile>
    <ClCompile Include="impl\impl_ID3D11SamplerState.cpp">
      <Filter>Source Files</Filter>
    </ClCompile>
    <ClCompile Include="impl\impl_ID3D11ShaderResourceView.cpp">
      <Filter>Source Files</Filter>
    </ClCompile>
    <ClCompile Include="impl\impl_ID3D11Texture1D.cpp">
      <Filter>Source Files</Filter>
    </ClCompile>
    <ClCompile Include="impl\impl_ID3D11Texture2D.cpp">
      <Filter>Source Files</Filter>
    </ClCompile>
    <ClCompile Include="impl\impl_ID3D11Texture3D.cpp">
      <Filter>Source Files</Filter>
    </ClCompile>
    <ClCompile Include="impl\impl_ID3D11UnorderedAccessView.cpp">
      <Filter>Source Files</Filter>
    </ClCompile>
    <ClCompile Include="impl\impl_ID3D11VertexShader.cpp">
      <Filter>Source Files</Filter>
    </ClCompile>
    <ClCompile Include="impl\impl_ID3D11VideoContext.cpp">
      <Filter>Source Files</Filter>
    </ClCompile>
    <ClCompile Include="impl\impl_ID3D11VideoDecoder.cpp">
      <Filter>Source Files</Filter>
    </ClCompile>
    <ClCompile Include="impl\impl_ID3D11VideoDecoderOutputView.cpp">
      <Filter>Source Files</Filter>
    </ClCompile>
    <ClCompile Include="impl\impl_ID3D11VideoDevice.cpp">
      <Filter>Source Files</Filter>
    </ClCompile>
    <ClCompile Include="impl\impl_ID3D11VideoProcessor.cpp">
      <Filter>Source Files</Filter>
    </ClCompile>
    <ClCompile Include="impl\impl_ID3D11VideoProcessorEnumerator.cpp">
      <Filter>Source Files</Filter>
    </ClCompile>
    <ClCompile Include="impl\impl_ID3D11VideoProcessorInputView.cpp">
      <Filter>Source Files</Filter>
    </ClCompile>
    <ClCompile Include="impl\impl_ID3D11VideoProcessorOutputView.cpp">
      <Filter>Source Files</Filter>
    </ClCompile>
    <ClCompile Include="impl\impl_ID3D11View.cpp">
      <Filter>Source Files</Filter>
    </ClCompile>
    <ClCompile Include="impl\impl_IUnknown.cpp">
      <Filter>Source Files</Filter>
    </ClCompile>
    <ClCompile Include="proxy_d3d11.cpp">
      <Filter>Source Files</Filter>
    </ClCompile>
    <ClCompile Include="wrappers.cpp">
      <Filter>Source Files</Filter>
    </ClCompile>
    <ClCompile Include="impl\guids_map.cpp">
      <Filter>Source Files</Filter>
    </ClCompile>
    <ClCompile Include="impl\base_ID3D11BlendState1.cpp">
      <Filter>Source Files</Filter>
    </ClCompile>
    <ClCompile Include="impl\impl_ID3DDeviceContextState.cpp">
      <Filter>Source Files</Filter>
    </ClCompile>
    <ClCompile Include="impl\impl_ID3DUserDefinedAnnotation.cpp">
      <Filter>Source Files</Filter>
    </ClCompile>
    <ClCompile Include="impl\impl_ID3D11RasterizerState1.cpp">
      <Filter>Source Files</Filter>
    </ClCompile>
    <ClCompile Include="impl\impl_ID3D11DeviceContext1.cpp">
      <Filter>Source Files</Filter>
    </ClCompile>
    <ClCompile Include="impl\impl_ID3D11Device1.cpp">
      <Filter>Source Files</Filter>
    </ClCompile>
    <ClCompile Include="impl\impl_ID3D11BlendState1.cpp">
      <Filter>Source Files</Filter>
    </ClCompile>
    <ClCompile Include="impl\base_ID3DDeviceContextState.cpp">
      <Filter>Source Files</Filter>
    </ClCompile>
    <ClCompile Include="impl\base_ID3DUserDefinedAnnotation.cpp">
      <Filter>Source Files</Filter>
    </ClCompile>
    <ClCompile Include="impl\base_ID3D11RasterizerState1.cpp">
      <Filter>Source Files</Filter>
    </ClCompile>
    <ClCompile Include="impl\base_ID3D11DeviceContext1.cpp">
      <Filter>Source Files</Filter>
    </ClCompile>
    <ClCompile Include="impl\base_ID3D11Device1.cpp">
      <Filter>Source Files</Filter>
    </ClCompile>
    <ClCompile Include="impl\base_ID3D10Asynchronous.cpp">
      <Filter>Source Files</Filter>
    </ClCompile>
    <ClCompile Include="impl\base_ID3D10BlendState.cpp">
      <Filter>Source Files</Filter>
    </ClCompile>
    <ClCompile Include="impl\base_ID3D10Buffer.cpp">
      <Filter>Source Files</Filter>
    </ClCompile>
    <ClCompile Include="impl\base_ID3D10Counter.cpp">
      <Filter>Source Files</Filter>
    </ClCompile>
    <ClCompile Include="impl\base_ID3D10DepthStencilState.cpp">
      <Filter>Source Files</Filter>
    </ClCompile>
    <ClCompile Include="impl\base_ID3D10DepthStencilView.cpp">
      <Filter>Source Files</Filter>
    </ClCompile>
    <ClCompile Include="impl\base_ID3D10Device.cpp">
      <Filter>Source Files</Filter>
    </ClCompile>
    <ClCompile Include="impl\base_ID3D10DeviceChild.cpp">
      <Filter>Source Files</Filter>
    </ClCompile>
    <ClCompile Include="impl\base_ID3D10GeometryShader.cpp">
      <Filter>Source Files</Filter>
    </ClCompile>
    <ClCompile Include="impl\base_ID3D10InputLayout.cpp">
      <Filter>Source Files</Filter>
    </ClCompile>
    <ClCompile Include="impl\base_ID3D10Multithread.cpp">
      <Filter>Source Files</Filter>
    </ClCompile>
    <ClCompile Include="impl\base_ID3D10PixelShader.cpp">
      <Filter>Source Files</Filter>
    </ClCompile>
    <ClCompile Include="impl\base_ID3D10Predicate.cpp">
      <Filter>Source Files</Filter>
    </ClCompile>
    <ClCompile Include="impl\base_ID3D10Query.cpp">
      <Filter>Source Files</Filter>
    </ClCompile>
    <ClCompile Include="impl\base_ID3D10RasterizerState.cpp">
      <Filter>Source Files</Filter>
    </ClCompile>
    <ClCompile Include="impl\base_ID3D10RenderTargetView.cpp">
      <Filter>Source Files</Filter>
    </ClCompile>
    <ClCompile Include="impl\base_ID3D10Resource.cpp">
      <Filter>Source Files</Filter>
    </ClCompile>
    <ClCompile Include="impl\base_ID3D10SamplerState.cpp">
      <Filter>Source Files</Filter>
    </ClCompile>
    <ClCompile Include="impl\base_ID3D10ShaderResourceView.cpp">
      <Filter>Source Files</Filter>
    </ClCompile>
    <ClCompile Include="impl\base_ID3D10Texture1D.cpp">
      <Filter>Source Files</Filter>
    </ClCompile>
    <ClCompile Include="impl\base_ID3D10Texture2D.cpp">
      <Filter>Source Files</Filter>
    </ClCompile>
    <ClCompile Include="impl\base_ID3D10Texture3D.cpp">
      <Filter>Source Files</Filter>
    </ClCompile>
    <ClCompile Include="impl\base_ID3D10VertexShader.cpp">
      <Filter>Source Files</Filter>
    </ClCompile>
    <ClCompile Include="impl\base_ID3D10View.cpp">
      <Filter>Source Files</Filter>
    </ClCompile>
    <ClCompile Include="impl\impl_ID3D10Asynchronous.cpp">
      <Filter>Source Files</Filter>
    </ClCompile>
    <ClCompile Include="impl\impl_ID3D10BlendState.cpp">
      <Filter>Source Files</Filter>
    </ClCompile>
    <ClCompile Include="impl\impl_ID3D10Buffer.cpp">
      <Filter>Source Files</Filter>
    </ClCompile>
    <ClCompile Include="impl\impl_ID3D10Counter.cpp">
      <Filter>Source Files</Filter>
    </ClCompile>
    <ClCompile Include="impl\impl_ID3D10DepthStencilState.cpp">
      <Filter>Source Files</Filter>
    </ClCompile>
    <ClCompile Include="impl\impl_ID3D10DepthStencilView.cpp">
      <Filter>Source Files</Filter>
    </ClCompile>
    <ClCompile Include="impl\impl_ID3D10Device.cpp">
      <Filter>Source Files</Filter>
    </ClCompile>
    <ClCompile Include="impl\impl_ID3D10DeviceChild.cpp">
      <Filter>Source Files</Filter>
    </ClCompile>
    <ClCompile Include="impl\impl_ID3D10GeometryShader.cpp">
      <Filter>Source Files</Filter>
    </ClCompile>
    <ClCompile Include="impl\impl_ID3D10InputLayout.cpp">
      <Filter>Source Files</Filter>
    </ClCompile>
    <ClCompile Include="impl\impl_ID3D10Multithread.cpp">
      <Filter>Source Files</Filter>
    </ClCompile>
    <ClCompile Include="impl\impl_ID3D10PixelShader.cpp">
      <Filter>Source Files</Filter>
    </ClCompile>
    <ClCompile Include="impl\impl_ID3D10Predicate.cpp">
      <Filter>Source Files</Filter>
    </ClCompile>
    <ClCompile Include="impl\impl_ID3D10Query.cpp">
      <Filter>Source Files</Filter>
    </ClCompile>
    <ClCompile Include="impl\impl_ID3D10RasterizerState.cpp">
      <Filter>Source Files</Filter>
    </ClCompile>
    <ClCompile Include="impl\impl_ID3D10RenderTargetView.cpp">
      <Filter>Source Files</Filter>
    </ClCompile>
    <ClCompile Include="impl\impl_ID3D10Resource.cpp">
      <Filter>Source Files</Filter>
    </ClCompile>
    <ClCompile Include="impl\impl_ID3D10SamplerState.cpp">
      <Filter>Source Files</Filter>
    </ClCompile>
    <ClCompile Include="impl\impl_ID3D10ShaderResourceView.cpp">
      <Filter>Source Files</Filter>
    </ClCompile>
    <ClCompile Include="impl\impl_ID3D10Texture1D.cpp">
      <Filter>Source Files</Filter>
    </ClCompile>
    <ClCompile Include="impl\impl_ID3D10Texture2D.cpp">
      <Filter>Source Files</Filter>
    </ClCompile>
    <ClCompile Include="impl\impl_ID3D10Texture3D.cpp">
      <Filter>Source Files</Filter>
    </ClCompile>
    <ClCompile Include="impl\impl_ID3D10VertexShader.cpp">
      <Filter>Source Files</Filter>
    </ClCompile>
    <ClCompile Include="impl\impl_ID3D10View.cpp">
      <Filter>Source Files</Filter>
    </ClCompile>
  </ItemGroup>
  <ItemGroup>
    <ClInclude Include="wrappers.h">
      <Filter>Header Files</Filter>
    </ClInclude>
    <ClInclude Include="stdafx.h">
      <Filter>Header Files</Filter>
    </ClInclude>
    <ClInclude Include="impl\base_ID3D11Asynchronous.h">
      <Filter>Header Files</Filter>
    </ClInclude>
    <ClInclude Include="impl\base_ID3D11AuthenticatedChannel.h">
      <Filter>Header Files</Filter>
    </ClInclude>
    <ClInclude Include="impl\base_ID3D11BlendState.h">
      <Filter>Header Files</Filter>
    </ClInclude>
    <ClInclude Include="impl\base_ID3D11Buffer.h">
      <Filter>Header Files</Filter>
    </ClInclude>
    <ClInclude Include="impl\base_ID3D11ClassInstance.h">
      <Filter>Header Files</Filter>
    </ClInclude>
    <ClInclude Include="impl\base_ID3D11ClassLinkage.h">
      <Filter>Header Files</Filter>
    </ClInclude>
    <ClInclude Include="impl\base_ID3D11CommandList.h">
      <Filter>Header Files</Filter>
    </ClInclude>
    <ClInclude Include="impl\base_ID3D11ComputeShader.h">
      <Filter>Header Files</Filter>
    </ClInclude>
    <ClInclude Include="impl\base_ID3D11Counter.h">
      <Filter>Header Files</Filter>
    </ClInclude>
    <ClInclude Include="impl\base_ID3D11CryptoSession.h">
      <Filter>Header Files</Filter>
    </ClInclude>
    <ClInclude Include="impl\base_ID3D11DepthStencilState.h">
      <Filter>Header Files</Filter>
    </ClInclude>
    <ClInclude Include="impl\base_ID3D11DepthStencilView.h">
      <Filter>Header Files</Filter>
    </ClInclude>
    <ClInclude Include="impl\base_ID3D11Device.h">
      <Filter>Header Files</Filter>
    </ClInclude>
    <ClInclude Include="impl\base_ID3D11DeviceChild.h">
      <Filter>Header Files</Filter>
    </ClInclude>
    <ClInclude Include="impl\base_ID3D11DeviceContext.h">
      <Filter>Header Files</Filter>
    </ClInclude>
    <ClInclude Include="impl\base_ID3D11DomainShader.h">
      <Filter>Header Files</Filter>
    </ClInclude>
    <ClInclude Include="impl\base_ID3D11GeometryShader.h">
      <Filter>Header Files</Filter>
    </ClInclude>
    <ClInclude Include="impl\base_ID3D11HullShader.h">
      <Filter>Header Files</Filter>
    </ClInclude>
    <ClInclude Include="impl\base_ID3D11InputLayout.h">
      <Filter>Header Files</Filter>
    </ClInclude>
    <ClInclude Include="impl\base_ID3D11PixelShader.h">
      <Filter>Header Files</Filter>
    </ClInclude>
    <ClInclude Include="impl\base_ID3D11Predicate.h">
      <Filter>Header Files</Filter>
    </ClInclude>
    <ClInclude Include="impl\base_ID3D11Query.h">
      <Filter>Header Files</Filter>
    </ClInclude>
    <ClInclude Include="impl\base_ID3D11RasterizerState.h">
      <Filter>Header Files</Filter>
    </ClInclude>
    <ClInclude Include="impl\base_ID3D11RenderTargetView.h">
      <Filter>Header Files</Filter>
    </ClInclude>
    <ClInclude Include="impl\base_ID3D11Resource.h">
      <Filter>Header Files</Filter>
    </ClInclude>
    <ClInclude Include="impl\base_ID3D11SamplerState.h">
      <Filter>Header Files</Filter>
    </ClInclude>
    <ClInclude Include="impl\base_ID3D11ShaderResourceView.h">
      <Filter>Header Files</Filter>
    </ClInclude>
    <ClInclude Include="impl\base_ID3D11Texture1D.h">
      <Filter>Header Files</Filter>
    </ClInclude>
    <ClInclude Include="impl\base_ID3D11Texture2D.h">
      <Filter>Header Files</Filter>
    </ClInclude>
    <ClInclude Include="impl\base_ID3D11Texture3D.h">
      <Filter>Header Files</Filter>
    </ClInclude>
    <ClInclude Include="impl\base_ID3D11UnorderedAccessView.h">
      <Filter>Header Files</Filter>
    </ClInclude>
    <ClInclude Include="impl\base_ID3D11VertexShader.h">
      <Filter>Header Files</Filter>
    </ClInclude>
    <ClInclude Include="impl\base_ID3D11VideoContext.h">
      <Filter>Header Files</Filter>
    </ClInclude>
    <ClInclude Include="impl\base_ID3D11VideoDecoder.h">
      <Filter>Header Files</Filter>
    </ClInclude>
    <ClInclude Include="impl\base_ID3D11VideoDecoderOutputView.h">
      <Filter>Header Files</Filter>
    </ClInclude>
    <ClInclude Include="impl\base_ID3D11VideoDevice.h">
      <Filter>Header Files</Filter>
    </ClInclude>
    <ClInclude Include="impl\base_ID3D11VideoProcessor.h">
      <Filter>Header Files</Filter>
    </ClInclude>
    <ClInclude Include="impl\base_ID3D11VideoProcessorEnumerator.h">
      <Filter>Header Files</Filter>
    </ClInclude>
    <ClInclude Include="impl\base_ID3D11VideoProcessorInputView.h">
      <Filter>Header Files</Filter>
    </ClInclude>
    <ClInclude Include="impl\base_ID3D11VideoProcessorOutputView.h">
      <Filter>Header Files</Filter>
    </ClInclude>
    <ClInclude Include="impl\base_ID3D11View.h">
      <Filter>Header Files</Filter>
    </ClInclude>
    <ClInclude Include="impl\base_IUnknown.h">
      <Filter>Header Files</Filter>
    </ClInclude>
    <ClInclude Include="impl\create_impl.h">
      <Filter>Header Files</Filter>
    </ClInclude>
    <ClInclude Include="impl\impl_ID3D11Asynchronous.h">
      <Filter>Header Files</Filter>
    </ClInclude>
    <ClInclude Include="impl\impl_ID3D11AuthenticatedChannel.h">
      <Filter>Header Files</Filter>
    </ClInclude>
    <ClInclude Include="impl\impl_ID3D11BlendState.h">
      <Filter>Header Files</Filter>
    </ClInclude>
    <ClInclude Include="impl\impl_ID3D11Buffer.h">
      <Filter>Header Files</Filter>
    </ClInclude>
    <ClInclude Include="impl\impl_ID3D11ClassInstance.h">
      <Filter>Header Files</Filter>
    </ClInclude>
    <ClInclude Include="impl\impl_ID3D11ClassLinkage.h">
      <Filter>Header Files</Filter>
    </ClInclude>
    <ClInclude Include="impl\impl_ID3D11CommandList.h">
      <Filter>Header Files</Filter>
    </ClInclude>
    <ClInclude Include="impl\impl_ID3D11ComputeShader.h">
      <Filter>Header Files</Filter>
    </ClInclude>
    <ClInclude Include="impl\impl_ID3D11Counter.h">
      <Filter>Header Files</Filter>
    </ClInclude>
    <ClInclude Include="impl\impl_ID3D11CryptoSession.h">
      <Filter>Header Files</Filter>
    </ClInclude>
    <ClInclude Include="impl\impl_ID3D11DepthStencilState.h">
      <Filter>Header Files</Filter>
    </ClInclude>
    <ClInclude Include="impl\impl_ID3D11DepthStencilView.h">
      <Filter>Header Files</Filter>
    </ClInclude>
    <ClInclude Include="impl\impl_ID3D11Device.h">
      <Filter>Header Files</Filter>
    </ClInclude>
    <ClInclude Include="impl\impl_ID3D11DeviceChild.h">
      <Filter>Header Files</Filter>
    </ClInclude>
    <ClInclude Include="impl\impl_ID3D11DeviceContext.h">
      <Filter>Header Files</Filter>
    </ClInclude>
    <ClInclude Include="impl\impl_ID3D11DomainShader.h">
      <Filter>Header Files</Filter>
    </ClInclude>
    <ClInclude Include="impl\impl_ID3D11GeometryShader.h">
      <Filter>Header Files</Filter>
    </ClInclude>
    <ClInclude Include="impl\impl_ID3D11HullShader.h">
      <Filter>Header Files</Filter>
    </ClInclude>
    <ClInclude Include="impl\impl_ID3D11InputLayout.h">
      <Filter>Header Files</Filter>
    </ClInclude>
    <ClInclude Include="impl\impl_ID3D11PixelShader.h">
      <Filter>Header Files</Filter>
    </ClInclude>
    <ClInclude Include="impl\impl_ID3D11Predicate.h">
      <Filter>Header Files</Filter>
    </ClInclude>
    <ClInclude Include="impl\impl_ID3D11Query.h">
      <Filter>Header Files</Filter>
    </ClInclude>
    <ClInclude Include="impl\impl_ID3D11RasterizerState.h">
      <Filter>Header Files</Filter>
    </ClInclude>
    <ClInclude Include="impl\impl_ID3D11RenderTargetView.h">
      <Filter>Header Files</Filter>
    </ClInclude>
    <ClInclude Include="impl\impl_ID3D11Resource.h">
      <Filter>Header Files</Filter>
    </ClInclude>
    <ClInclude Include="impl\impl_ID3D11SamplerState.h">
      <Filter>Header Files</Filter>
    </ClInclude>
    <ClInclude Include="impl\impl_ID3D11ShaderResourceView.h">
      <Filter>Header Files</Filter>
    </ClInclude>
    <ClInclude Include="impl\impl_ID3D11Texture1D.h">
      <Filter>Header Files</Filter>
    </ClInclude>
    <ClInclude Include="impl\impl_ID3D11Texture2D.h">
      <Filter>Header Files</Filter>
    </ClInclude>
    <ClInclude Include="impl\impl_ID3D11Texture3D.h">
      <Filter>Header Files</Filter>
    </ClInclude>
    <ClInclude Include="impl\impl_ID3D11UnorderedAccessView.h">
      <Filter>Header Files</Filter>
    </ClInclude>
    <ClInclude Include="impl\impl_ID3D11VertexShader.h">
      <Filter>Header Files</Filter>
    </ClInclude>
    <ClInclude Include="impl\impl_ID3D11VideoContext.h">
      <Filter>Header Files</Filter>
    </ClInclude>
    <ClInclude Include="impl\impl_ID3D11VideoDecoder.h">
      <Filter>Header Files</Filter>
    </ClInclude>
    <ClInclude Include="impl\impl_ID3D11VideoDecoderOutputView.h">
      <Filter>Header Files</Filter>
    </ClInclude>
    <ClInclude Include="impl\impl_ID3D11VideoDevice.h">
      <Filter>Header Files</Filter>
    </ClInclude>
    <ClInclude Include="impl\impl_ID3D11VideoProcessor.h">
      <Filter>Header Files</Filter>
    </ClInclude>
    <ClInclude Include="impl\impl_ID3D11VideoProcessorEnumerator.h">
      <Filter>Header Files</Filter>
    </ClInclude>
    <ClInclude Include="impl\impl_ID3D11VideoProcessorInputView.h">
      <Filter>Header Files</Filter>
    </ClInclude>
    <ClInclude Include="impl\impl_ID3D11VideoProcessorOutputView.h">
      <Filter>Header Files</Filter>
    </ClInclude>
    <ClInclude Include="impl\impl_ID3D11View.h">
      <Filter>Header Files</Filter>
    </ClInclude>
    <ClInclude Include="impl\impl_IUnknown.h">
      <Filter>Header Files</Filter>
    </ClInclude>
    <ClInclude Include="impl\impl_ROOT.h">
      <Filter>Header Files</Filter>
    </ClInclude>
    <ClInclude Include="guids.h">
      <Filter>Header Files</Filter>
    </ClInclude>
    <ClInclude Include="impl\base_ID3D11BlendState1.h">
      <Filter>Header Files</Filter>
    </ClInclude>
    <ClInclude Include="impl\impl_ID3DUserDefinedAnnotation.h">
      <Filter>Header Files</Filter>
    </ClInclude>
    <ClInclude Include="impl\impl_ID3DDeviceContextState.h">
      <Filter>Header Files</Filter>
    </ClInclude>
    <ClInclude Include="impl\impl_ID3D11RasterizerState1.h">
      <Filter>Header Files</Filter>
    </ClInclude>
    <ClInclude Include="impl\impl_ID3D11DeviceContext1.h">
      <Filter>Header Files</Filter>
    </ClInclude>
    <ClInclude Include="impl\impl_ID3D11Device1.h">
      <Filter>Header Files</Filter>
    </ClInclude>
    <ClInclude Include="impl\impl_ID3D11BlendState1.h">
      <Filter>Header Files</Filter>
    </ClInclude>
    <ClInclude Include="impl\base_ID3DUserDefinedAnnotation.h">
      <Filter>Header Files</Filter>
    </ClInclude>
    <ClInclude Include="impl\base_ID3DDeviceContextState.h">
      <Filter>Header Files</Filter>
    </ClInclude>
    <ClInclude Include="impl\base_ID3D11RasterizerState1.h">
      <Filter>Header Files</Filter>
    </ClInclude>
    <ClInclude Include="impl\base_ID3D11DeviceContext1.h">
      <Filter>Header Files</Filter>
    </ClInclude>
    <ClInclude Include="impl\base_ID3D11Device1.h">
      <Filter>Header Files</Filter>
    </ClInclude>
    <ClInclude Include="impl\base_ID3D10Asynchronous.h">
      <Filter>Header Files</Filter>
    </ClInclude>
    <ClInclude Include="impl\base_ID3D10BlendState.h">
      <Filter>Header Files</Filter>
    </ClInclude>
    <ClInclude Include="impl\base_ID3D10Buffer.h">
      <Filter>Header Files</Filter>
    </ClInclude>
    <ClInclude Include="impl\base_ID3D10Counter.h">
      <Filter>Header Files</Filter>
    </ClInclude>
    <ClInclude Include="impl\base_ID3D10DepthStencilState.h">
      <Filter>Header Files</Filter>
    </ClInclude>
    <ClInclude Include="impl\base_ID3D10DepthStencilView.h">
      <Filter>Header Files</Filter>
    </ClInclude>
    <ClInclude Include="impl\base_ID3D10Device.h">
      <Filter>Header Files</Filter>
    </ClInclude>
    <ClInclude Include="impl\base_ID3D10DeviceChild.h">
      <Filter>Header Files</Filter>
    </ClInclude>
    <ClInclude Include="impl\base_ID3D10GeometryShader.h">
      <Filter>Header Files</Filter>
    </ClInclude>
    <ClInclude Include="impl\base_ID3D10InputLayout.h">
      <Filter>Header Files</Filter>
    </ClInclude>
    <ClInclude Include="impl\base_ID3D10Multithread.h">
      <Filter>Header Files</Filter>
    </ClInclude>
    <ClInclude Include="impl\base_ID3D10PixelShader.h">
      <Filter>Header Files</Filter>
    </ClInclude>
    <ClInclude Include="impl\base_ID3D10Predicate.h">
      <Filter>Header Files</Filter>
    </ClInclude>
    <ClInclude Include="impl\base_ID3D10Query.h">
      <Filter>Header Files</Filter>
    </ClInclude>
    <ClInclude Include="impl\base_ID3D10RasterizerState.h">
      <Filter>Header Files</Filter>
    </ClInclude>
    <ClInclude Include="impl\base_ID3D10RenderTargetView.h">
      <Filter>Header Files</Filter>
    </ClInclude>
    <ClInclude Include="impl\base_ID3D10Resource.h">
      <Filter>Header Files</Filter>
    </ClInclude>
    <ClInclude Include="impl\base_ID3D10SamplerState.h">
      <Filter>Header Files</Filter>
    </ClInclude>
    <ClInclude Include="impl\base_ID3D10ShaderResourceView.h">
      <Filter>Header Files</Filter>
    </ClInclude>
    <ClInclude Include="impl\base_ID3D10Texture1D.h">
      <Filter>Header Files</Filter>
    </ClInclude>
    <ClInclude Include="impl\base_ID3D10Texture2D.h">
      <Filter>Header Files</Filter>
    </ClInclude>
    <ClInclude Include="impl\base_ID3D10Texture3D.h">
      <Filter>Header Files</Filter>
    </ClInclude>
    <ClInclude Include="impl\base_ID3D10VertexShader.h">
      <Filter>Header Files</Filter>
    </ClInclude>
    <ClInclude Include="impl\base_ID3D10View.h">
      <Filter>Header Files</Filter>
    </ClInclude>
    <ClInclude Include="impl\impl_ID3D10Asynchronous.h">
      <Filter>Header Files</Filter>
    </ClInclude>
    <ClInclude Include="impl\impl_ID3D10BlendState.h">
      <Filter>Header Files</Filter>
    </ClInclude>
    <ClInclude Include="impl\impl_ID3D10Buffer.h">
      <Filter>Header Files</Filter>
    </ClInclude>
    <ClInclude Include="impl\impl_ID3D10Counter.h">
      <Filter>Header Files</Filter>
    </ClInclude>
    <ClInclude Include="impl\impl_ID3D10DepthStencilState.h">
      <Filter>Header Files</Filter>
    </ClInclude>
    <ClInclude Include="impl\impl_ID3D10DepthStencilView.h">
      <Filter>Header Files</Filter>
    </ClInclude>
    <ClInclude Include="impl\impl_ID3D10Device.h">
      <Filter>Header Files</Filter>
    </ClInclude>
    <ClInclude Include="impl\impl_ID3D10DeviceChild.h">
      <Filter>Header Files</Filter>
    </ClInclude>
    <ClInclude Include="impl\impl_ID3D10GeometryShader.h">
      <Filter>Header Files</Filter>
    </ClInclude>
    <ClInclude Include="impl\impl_ID3D10InputLayout.h">
      <Filter>Header Files</Filter>
    </ClInclude>
    <ClInclude Include="impl\impl_ID3D10Multithread.h">
      <Filter>Header Files</Filter>
    </ClInclude>
    <ClInclude Include="impl\impl_ID3D10PixelShader.h">
      <Filter>Header Files</Filter>
    </ClInclude>
    <ClInclude Include="impl\impl_ID3D10Predicate.h">
      <Filter>Header Files</Filter>
    </ClInclude>
    <ClInclude Include="impl\impl_ID3D10Query.h">
      <Filter>Header Files</Filter>
    </ClInclude>
    <ClInclude Include="impl\impl_ID3D10RasterizerState.h">
      <Filter>Header Files</Filter>
    </ClInclude>
    <ClInclude Include="impl\impl_ID3D10RenderTargetView.h">
      <Filter>Header Files</Filter>
    </ClInclude>
    <ClInclude Include="impl\impl_ID3D10Resource.h">
      <Filter>Header Files</Filter>
    </ClInclude>
    <ClInclude Include="impl\impl_ID3D10SamplerState.h">
      <Filter>Header Files</Filter>
    </ClInclude>
    <ClInclude Include="impl\impl_ID3D10ShaderResourceView.h">
      <Filter>Header Files</Filter>
    </ClInclude>
    <ClInclude Include="impl\impl_ID3D10Texture1D.h">
      <Filter>Header Files</Filter>
    </ClInclude>
    <ClInclude Include="impl\impl_ID3D10Texture2D.h">
      <Filter>Header Files</Filter>
    </ClInclude>
    <ClInclude Include="impl\impl_ID3D10Texture3D.h">
      <Filter>Header Files</Filter>
    </ClInclude>
    <ClInclude Include="impl\impl_ID3D10VertexShader.h">
      <Filter>Header Files</Filter>
    </ClInclude>
    <ClInclude Include="impl\impl_ID3D10View.h">
      <Filter>Header Files</Filter>
    </ClInclude>
  </ItemGroup>
  <ItemGroup>
    <None Include="proxy_d3d11.def">
      <Filter>Source Files</Filter>
    </None>
  </ItemGroup>
</Project>